
Microsoft Visual Studio Solution File, Format Version 12.00
# Visual Studio Version 16
VisualStudioVersion = 16.0.31129.286
MinimumVisualStudioVersion = 10.0.40219.1
Project("{FAE04EC0-301F-11D3-BF4B-00C04F79EFBC}") = "BC.EventManager.Domain", "Projects\BC.EventManager.Domain\BC.EventManager.Domain.csproj", "{A928C2DA-B6D1-4817-BB6B-41587B9E39D5}"
EndProject
Project("{2150E333-8FDC-42A3-9474-1A3956D46DE8}") = "Tests", "Tests", "{5AC807DD-C61C-4167-B7A1-03C3D57AB93A}"
EndProject
Project("{FAE04EC0-301F-11D3-BF4B-00C04F79EFBC}") = "BC.EventManager.Domain.Tests", "BC.EventManager.Domain.Tests\BC.EventManager.Domain.Tests.csproj", "{A20272FD-0031-43F9-8254-22B6E2034AB1}"
EndProject
Project("{FAE04EC0-301F-11D3-BF4B-00C04F79EFBC}") = "BC.EventManager.ApplicationLayer", "Projects\BC.EventManager.ApplicationLayer\BC.EventManager.ApplicationLayer.csproj", "{37CF0FCA-E46B-4BD9-B9D1-93F7BD249A62}"
EndProject
Global
	GlobalSection(SolutionConfigurationPlatforms) = preSolution
		Debug|Any CPU = Debug|Any CPU
		Release|Any CPU = Release|Any CPU
	EndGlobalSection
	GlobalSection(ProjectConfigurationPlatforms) = postSolution
		{A928C2DA-B6D1-4817-BB6B-41587B9E39D5}.Debug|Any CPU.ActiveCfg = Debug|Any CPU
		{A928C2DA-B6D1-4817-BB6B-41587B9E39D5}.Debug|Any CPU.Build.0 = Debug|Any CPU
		{A928C2DA-B6D1-4817-BB6B-41587B9E39D5}.Release|Any CPU.ActiveCfg = Release|Any CPU
		{A928C2DA-B6D1-4817-BB6B-41587B9E39D5}.Release|Any CPU.Build.0 = Release|Any CPU
		{A20272FD-0031-43F9-8254-22B6E2034AB1}.Debug|Any CPU.ActiveCfg = Debug|Any CPU
		{A20272FD-0031-43F9-8254-22B6E2034AB1}.Debug|Any CPU.Build.0 = Debug|Any CPU
		{A20272FD-0031-43F9-8254-22B6E2034AB1}.Release|Any CPU.ActiveCfg = Release|Any CPU
		{A20272FD-0031-43F9-8254-22B6E2034AB1}.Release|Any CPU.Build.0 = Release|Any CPU
		{37CF0FCA-E46B-4BD9-B9D1-93F7BD249A62}.Debug|Any CPU.ActiveCfg = Debug|Any CPU
		{37CF0FCA-E46B-4BD9-B9D1-93F7BD249A62}.Debug|Any CPU.Build.0 = Debug|Any CPU
		{37CF0FCA-E46B-4BD9-B9D1-93F7BD249A62}.Release|Any CPU.ActiveCfg = Release|Any CPU
		{37CF0FCA-E46B-4BD9-B9D1-93F7BD249A62}.Release|Any CPU.Build.0 = Release|Any CPU
	EndGlobalSection
	GlobalSection(SolutionProperties) = preSolution
		HideSolutionNode = FALSE
	EndGlobalSection
	GlobalSection(NestedProjects) = preSolution
		{A20272FD-0031-43F9-8254-22B6E2034AB1} = {5AC807DD-C61C-4167-B7A1-03C3D57AB93A}
	EndGlobalSection
	GlobalSection(ExtensibilityGlobals) = postSolution
		SolutionGuid = {A58ABFD1-4C7D-4507-A68B-4A10AECFCD7A}
	EndGlobalSection
EndGlobal
